
Microsoft Visual Studio Solution File, Format Version 12.00
# Visual Studio 2012
Project("{FAE04EC0-301F-11D3-BF4B-00C04F79EFBC}") = "EF.Interception.Net45", "src\EF.Interception.Net45\EF.Interception.Net45.csproj", "{AD3867F4-1152-4EDC-967C-40D96370ED79}"
EndProject
Project("{FAE04EC0-301F-11D3-BF4B-00C04F79EFBC}") = "EF.Interception.Tests", "test\EF.Interception.Tests\EF.Interception.Tests.csproj", "{D0FF84F4-4021-4435-A23A-12EEEF8D2D75}"
EndProject
Project("{FAE04EC0-301F-11D3-BF4B-00C04F79EFBC}") = "EF.Interception.Net40", "src\EF.Interception.Net40\EF.Interception.Net40.csproj", "{DE7C0057-AE28-4A1D-B89E-E00099FEF663}"
EndProject
Project("{2150E333-8FDC-42A3-9474-1A3956D46DE8}") = ".nuget", ".nuget", "{535D10A9-15FF-46EF-97E7-46E92FBC7C87}"
	ProjectSection(SolutionItems) = preProject
		.nuget\NuGet.Config = .nuget\NuGet.Config
		.nuget\NuGet.exe = .nuget\NuGet.exe
		.nuget\NuGet.targets = .nuget\NuGet.targets
	EndProjectSection
EndProject
Global
	GlobalSection(SolutionConfigurationPlatforms) = preSolution
		Debug|Any CPU = Debug|Any CPU
		Release|Any CPU = Release|Any CPU
	EndGlobalSection
	GlobalSection(ProjectConfigurationPlatforms) = postSolution
		{AD3867F4-1152-4EDC-967C-40D96370ED79}.Debug|Any CPU.ActiveCfg = Debug|Any CPU
		{AD3867F4-1152-4EDC-967C-40D96370ED79}.Debug|Any CPU.Build.0 = Debug|Any CPU
		{AD3867F4-1152-4EDC-967C-40D96370ED79}.Release|Any CPU.ActiveCfg = Release|Any CPU
		{AD3867F4-1152-4EDC-967C-40D96370ED79}.Release|Any CPU.Build.0 = Release|Any CPU
		{D0FF84F4-4021-4435-A23A-12EEEF8D2D75}.Debug|Any CPU.ActiveCfg = Debug|Any CPU
		{D0FF84F4-4021-4435-A23A-12EEEF8D2D75}.Debug|Any CPU.Build.0 = Debug|Any CPU
		{D0FF84F4-4021-4435-A23A-12EEEF8D2D75}.Release|Any CPU.ActiveCfg = Release|Any CPU
		{D0FF84F4-4021-4435-A23A-12EEEF8D2D75}.Release|Any CPU.Build.0 = Release|Any CPU
		{DE7C0057-AE28-4A1D-B89E-E00099FEF663}.Debug|Any CPU.ActiveCfg = Debug|Any CPU
		{DE7C0057-AE28-4A1D-B89E-E00099FEF663}.Debug|Any CPU.Build.0 = Debug|Any CPU
		{DE7C0057-AE28-4A1D-B89E-E00099FEF663}.Release|Any CPU.ActiveCfg = Release|Any CPU
		{DE7C0057-AE28-4A1D-B89E-E00099FEF663}.Release|Any CPU.Build.0 = Release|Any CPU
	EndGlobalSection
	GlobalSection(SolutionProperties) = preSolution
		HideSolutionNode = FALSE
	EndGlobalSection
EndGlobal
